{
    "_meta": {
        "hash": {
            "sha256": "b6c7be6da48ce2ef90ece610082c7301ed8a213c9724ad25a1c4a421d7eb892d"
        },
        "pipfile-spec": 6,
        "requires": {
            "python_version": "3.13"
        },
        "sources": [
            {
                "name": "pypi",
                "url": "https://pypi.org/simple",
                "verify_ssl": true
            }
        ]
    },
    "default": {
        "altgraph": {
            "hashes": [
                "sha256:c87b395dd12fabde9c99573a9749d67da8d29ef9de0125c7f536699b4a9bc9e7",
                "sha256:f3a22400bce1b0c701683820ac4f3b159cd301acab067c51c653e06961600597"
            ],
            "version": "==0.17.5"
        },
        "packaging": {
            "hashes": [
                "sha256:29572ef2b1f17581046b3a2227d5c611fb25ec70ca1ba8554b24b0e69331a484",
                "sha256:d443872c98d677bf60f6a1f2f8c1cb748e8fe762d2bf9d3148b5599295b0fc4f"
            ],
            "markers": "python_version >= '3.8'",
            "version": "==25.0"
        },
        "pefile": {
            "hashes": [
                "sha256:3ff6c5d8b43e8c37bb6e6dd5085658d658a7a0bdcd20b6a07b1fcfc1c4e9d632",
                "sha256:76f8b485dcd3b1bb8166f1128d395fa3d87af26360c2358fb75b80019b957c6f"
            ],
            "markers": "python_full_version >= '3.6.0'",
            "version": "==2024.8.26"
        },
        "psutil": {
            "hashes": [
                "sha256:05cc68dbb8c174828624062e73078e7e35406f4ca2d0866c272c2410d8ef06d1",
                "sha256:08a2f175e48a898c8eb8eace45ce01777f4785bc744c90aa2cc7f2fa5462a266",
                "sha256:0d67c1822c355aa6f7314d92018fb4268a76668a536f133599b91edd48759442",
                "sha256:2ceae842a78d1603753561132d5ad1b2f8a7979cb0c283f5b52fb4e6e14b1a79",
                "sha256:35630d5af80d5d0d49cfc4d64c1c13838baf6717a13effb35869a5919b854cdf",
                "sha256:3fce5f92c22b00cdefd1645aa58ab4877a01679e901555067b1bd77039aa589f",
                "sha256:494c513ccc53225ae23eec7fe6e1482f1b8a44674241b54561f755a898650679",
                "sha256:5e38404ca2bb30ed7267a46c02f06ff842e92da3bb8c5bfdadbd35a5722314d8",
                "sha256:81442dac7abfc2f4f4385ea9e12ddf5a796721c0f6133260687fec5c3780fa49",
                "sha256:923f8653416604e356073e6e0bccbe7c09990acef442def2f5640dd0faa9689f",
                "sha256:93f3f7b0bb07711b49626e7940d6fe52aa9940ad86e8f7e74842e73189712129",
                "sha256:99a4cd17a5fdd1f3d014396502daa70b5ec21bf4ffe38393e152f8e449757d67",
                "sha256:ab2b98c9fc19f13f59628d94df5cc4cc4844bc572467d113a8b517d634e362c6",
                "sha256:b1b0671619343aa71c20ff9767eced0483e4fc9e1f489d50923738caf6a03c17",
                "sha256:b2e953fcfaedcfbc952b44744f22d16575d3aa78eb4f51ae74165b4e96e55f42",
                "sha256:ba9f33bb525b14c3ea563b2fd521a84d2fa214ec59e3e6a2858f78d0844dd60d",
                "sha256:cfbe6b40ca48019a51827f20d830887b3107a74a79b01ceb8cc8de4ccb17b672",
                "sha256:d34d2ca888208eea2b5c68186841336a7f5e0b990edec929be909353a202768a",
                "sha256:ea46c0d060491051d39f0d2cff4f98d5c72b288289f57a21556cc7d504db37fc",
                "sha256:f7583aec590485b43ca601dd9cea0dcd65bd7bb21d30ef4ddbf4ea6b5ed1bdd3",
                "sha256:f78baafb38436d5a128f837fab2d92c276dfb48af01a240b861ae02b2413ada8"
            ],
            "index": "pypi",
            "markers": "python_version >= '3.6'",
            "version": "==7.2.1"
        },
        "pyinstaller": {
            "hashes": [
                "sha256:060b122e43e7c0b23e759a4153be34bd70914135ab955bb18a67181e0dca85a2",
                "sha256:2a147b83cdebb07855bd5a663600891550062373a2ca375c58eacead33741a27",
                "sha256:3c92a335e338170df7e615f75279cfeea97ade89e6dd7694943c8c185460f7b7",
                "sha256:4e446b8030c6e5a2f712e3f82011ecf6c7ead86008357b0d23a0ec4bcde31dac",
                "sha256:89c0d18ba8b62c6607abd8cf2299ae5ffa5c36d8c47f39608ce8c3f357f6099f",
                "sha256:97f4c1942f7b4cd73f9e38b49cc8f5f8a6fbb44922cb60dd3073a189b77ee1ae",
                "sha256:aa9fd87aaa28239c6f0d0210114029bd03f8cac316a90bab071a5092d7c85ad7",
                "sha256:b019940dbf7a01489d6b26f9fb97db74b504e0a757010f7ad078675befc85a82",
                "sha256:be372bd911392b88277e510940ac32a5c2a6ce4b8d00a311c78fa443f4f27313",
                "sha256:cd213d1a545c97dfe4a3c40e8213ff7c5127fc115c49229f27a3fa541503444b",
                "sha256:ce0be227a037fd4be672226db709088565484f597d6b230bceec19850fdd4c85",
                "sha256:f8cfbbfa6708e54fb936df6dd6eafaf133e84efb0d2fe25b91cfeefa793c4ca4"
            ],
            "index": "pypi",
            "markers": "python_version < '3.15' and python_version >= '3.8'",
            "version": "==6.17.0"
        },
        "pyinstaller-hooks-contrib": {
            "hashes": [
                "sha256:777e163e2942474aa41a8e6d31ac1635292d63422c3646c176d584d04d971c34",
                "sha256:dfe18632e06655fa88d218e0d768fd753e1886465c12a6d4bce04f1aaeec917d"
            ],
            "markers": "python_version >= '3.8'",
            "version": "==2025.11"
        },
        "pywin32": {
            "hashes": [
                "sha256:0502d1facf1fed4839a9a51ccbcc63d952cf318f78ffc00a7e78528ac27d7a2b",
                "sha256:184eb5e436dea364dcd3d2316d577d625c0351bf237c4e9a5fabbcfa5a58b151",
                "sha256:3aca44c046bd2ed8c90de9cb8427f581c479e594e99b5c0bb19b29c10fd6cb87",
                "sha256:3ce80b34b22b17ccbd937a6e78e7225d80c52f5ab9940fe0506a1a16f3dab503",
                "sha256:62ea666235135fee79bb154e695f3ff67370afefd71bd7fea7512fc70ef31e3d",
                "sha256:6c6f2969607b5023b0d9ce2541f8d2cbb01c4f46bc87456017cf63b73f1e2d8c",
                "sha256:718a38f7e5b058e76aee1c56ddd06908116d35147e133427e59a3983f703a20d",
                "sha256:750ec6e621af2b948540032557b10a2d43b0cee2ae9758c54154d711cc852d31",
                "sha256:797c2772017851984b97180b0bebe4b620bb86328e8a884bb626156295a63b3b",
                "sha256:7b4075d959648406202d92a2310cb990fea19b535c7f4a78d3f5e10b926eeb8a",
                "sha256:a508e2d9025764a8270f93111a970e1d0fbfc33f4153b388bb649b7eec4f9b42",
                "sha256:a733f1388e1a842abb67ffa8e7aad0e70ac519e09b0f6a784e65a136ec7cefd2",
                "sha256:aba8f82d551a942cb20d4a83413ccbac30790b50efb89a75e4f586ac0bb8056b",
                "sha256:b7a2c10b93f8986666d0c803ee19b5990885872a7de910fc460f9b0c2fbf92ee",
                "sha256:b8c095edad5c211ff31c05223658e71bf7116daa0ecf3ad85f3201ea3190d067",
                "sha256:c8015b09fb9a5e188f83b7b04de91ddca4658cee2ae6f3bc483f0b21a77ef6cd",
                "sha256:d03ff496d2a0cd4a5893504789d4a15399133fe82517455e78bad62efbb7f0a3",
                "sha256:e0c4cfb0621281fe40387df582097fd796e80430597cb9944f0ae70447bacd91",
                "sha256:e286f46a9a39c4a18b319c28f59b61de793654af2f395c102b4f819e584b5852",
                "sha256:f95ba5a847cba10dd8c4d8fefa9f2a6cf283b8b88ed6178fa8a6c1ab16054d0d"
            ],
            "index": "pypi",
            "version": "==311"
        },
        "pywin32-ctypes": {
            "hashes": [
                "sha256:8a1513379d709975552d202d942d9837758905c8d01eb82b8bcc30918929e7b8",
                "sha256:d162dc04946d704503b2edc4d55f3dba5c1d539ead017afa00142c38b9885755"
            ],
            "markers": "python_version >= '3.6'",
            "version": "==0.2.3"
        },
        "setuptools": {
            "hashes": [
                "sha256:062d34222ad13e0cc312a4c02d73f059e86a4acbfbdea8f8f76b28c99f306922",
                "sha256:f36b47402ecde768dbfafc46e8e4207b4360c654f1f3bb84475f0a28628fb19c"
            ],
            "markers": "python_version >= '3.9'",
            "version": "==80.9.0"
        }
    },
    "develop": {}
}
